
Microsoft Visual Studio Solution File, Format Version 12.00
# Visual Studio Version 17
VisualStudioVersion = 17.6.33829.357
MinimumVisualStudioVersion = 10.0.40219.1
Project("{FAE04EC0-301F-11D3-BF4B-00C04F79EFBC}") = "BLL", "BLL\BLL.csproj", "{EEA0D095-3FAD-4A18-B01D-FEA86535D119}"
EndProject
Project("{FAE04EC0-301F-11D3-BF4B-00C04F79EFBC}") = "DAL", "DAL\DAL.csproj", "{F3E58E7B-682B-4EC1-8DD4-E41D5B871DA1}"
EndProject
Project("{FAE04EC0-301F-11D3-BF4B-00C04F79EFBC}") = "DTO", "DTO\DTO.csproj", "{ADFFA46C-5942-4FAA-9032-D61AA5506ED5}"
EndProject
Project("{FAE04EC0-301F-11D3-BF4B-00C04F79EFBC}") = "GUI", "GUI\GUI.csproj", "{C5E58FD2-2D4B-4F8A-8F21-11B12A40344B}"
	ProjectSection(ProjectDependencies) = postProject
		{F3E58E7B-682B-4EC1-8DD4-E41D5B871DA1} = {F3E58E7B-682B-4EC1-8DD4-E41D5B871DA1}
	EndProjectSection
EndProject
Global
	GlobalSection(SolutionConfigurationPlatforms) = preSolution
		Debug|Any CPU = Debug|Any CPU
		Release|Any CPU = Release|Any CPU
	EndGlobalSection
	GlobalSection(ProjectConfigurationPlatforms) = postSolution
		{EEA0D095-3FAD-4A18-B01D-FEA86535D119}.Debug|Any CPU.ActiveCfg = Debug|Any CPU
		{EEA0D095-3FAD-4A18-B01D-FEA86535D119}.Debug|Any CPU.Build.0 = Debug|Any CPU
		{EEA0D095-3FAD-4A18-B01D-FEA86535D119}.Release|Any CPU.ActiveCfg = Release|Any CPU
		{EEA0D095-3FAD-4A18-B01D-FEA86535D119}.Release|Any CPU.Build.0 = Release|Any CPU
		{F3E58E7B-682B-4EC1-8DD4-E41D5B871DA1}.Debug|Any CPU.ActiveCfg = Debug|Any CPU
		{F3E58E7B-682B-4EC1-8DD4-E41D5B871DA1}.Debug|Any CPU.Build.0 = Debug|Any CPU
		{F3E58E7B-682B-4EC1-8DD4-E41D5B871DA1}.Release|Any CPU.ActiveCfg = Release|Any CPU
		{F3E58E7B-682B-4EC1-8DD4-E41D5B871DA1}.Release|Any CPU.Build.0 = Release|Any CPU
		{ADFFA46C-5942-4FAA-9032-D61AA5506ED5}.Debug|Any CPU.ActiveCfg = Debug|Any CPU
		{ADFFA46C-5942-4FAA-9032-D61AA5506ED5}.Debug|Any CPU.Build.0 = Debug|Any CPU
		{ADFFA46C-5942-4FAA-9032-D61AA5506ED5}.Release|Any CPU.ActiveCfg = Release|Any CPU
		{ADFFA46C-5942-4FAA-9032-D61AA5506ED5}.Release|Any CPU.Build.0 = Release|Any CPU
		{C5E58FD2-2D4B-4F8A-8F21-11B12A40344B}.Debug|Any CPU.ActiveCfg = Debug|Any CPU
		{C5E58FD2-2D4B-4F8A-8F21-11B12A40344B}.Debug|Any CPU.Build.0 = Debug|Any CPU
		{C5E58FD2-2D4B-4F8A-8F21-11B12A40344B}.Release|Any CPU.ActiveCfg = Release|Any CPU
		{C5E58FD2-2D4B-4F8A-8F21-11B12A40344B}.Release|Any CPU.Build.0 = Release|Any CPU
	EndGlobalSection
	GlobalSection(SolutionProperties) = preSolution
		HideSolutionNode = FALSE
	EndGlobalSection
	GlobalSection(ExtensibilityGlobals) = postSolution
		SolutionGuid = {6D6E4C44-7F15-4E44-A943-0F5BD557E68F}
	EndGlobalSection
EndGlobal
